<?xml version="1.0" encoding="utf-8"?>
<Project ToolsVersion="4.0" xmlns="http://schemas.microsoft.com/developer/msbuild/2003">
  <ItemGroup>
    <Filter Include="Source Files">
      <UniqueIdentifier>{4FC737F1-C7A5-4376-A066-2A32D752A2FF}</UniqueIdentifier>
      <Extensions>cpp;c;cc;cxx;c++;cppm;ixx;def;odl;idl;hpj;bat;asm;asmx</Extensions>
    </Filter>
    <Filter Include="Header Files">
      <UniqueIdentifier>{93995380-89BD-4b04-88EB-625FBE52EBFB}</UniqueIdentifier>
      <Extensions>h;hh;hpp;hxx;h++;hm;inl;inc;ipp;xsd</Extensions>
    </Filter>
    <Filter Include="Resource Files">
      <UniqueIdentifier>{67DA6AB6-F800-4c08-8B7A-83BB121AAD01}</UniqueIdentifier>
      <Extensions>rc;ico;cur;bmp;dlg;rc2;rct;bin;rgs;gif;jpg;jpeg;jpe;resx;tiff;tif;png;wav;mfcribbon-ms</Extensions>
    </Filter>
    <Filter Include="Source Files\interface">
      <UniqueIdentifier>{d76a5e8a-806d-4844-8521-3e72d1f35584}</UniqueIdentifier>
    </Filter>
    <Filter Include="Source Files\layers">
      <UniqueIdentifier>{4392cdb8-cdda-4269-b658-2d242bdf4690}</UniqueIdentifier>
    </Filter>
    <Filter Include="Source Files\test">
      <UniqueIdentifier>{f5943539-03bd-47c1-be16-9dfc30ee419f}</UniqueIdentifier>
    </Filter>
    <Filter Include="Header Files\interface">
      <UniqueIdentifier>{193c17e5-6a53-4340-961d-1a53a72dcd14}</UniqueIdentifier>
    </Filter>
    <Filter Include="Header Files\layers">
      <UniqueIdentifier>{3e2ce44d-1049-4373-816b-8c1f9ec071ef}</UniqueIdentifier>
    </Filter>
  </ItemGroup>
  <ItemGroup>
    <ClInclude Include="..\accum.h">
      <Filter>Header Files</Filter>
    </ClInclude>
    <ClInclude Include="..\chess.h">
      <Filter>Header Files</Filter>
    </ClInclude>
    <ClInclude Include="..\evaluate.h">
      <Filter>Header Files</Filter>
    </ClInclude>
    <ClInclude Include="..\network.h">
      <Filter>Header Files</Filter>
    </ClInclude>
    <ClInclude Include="..\nndefs.h">
      <Filter>Header Files</Filter>
    </ClInclude>
    <ClInclude Include="..\nnue.h">
      <Filter>Header Files</Filter>
    </ClInclude>
    <ClInclude Include="..\simd.h">
      <Filter>Header Files</Filter>
    </ClInclude>
    <ClInclude Include="..\util.h">
      <Filter>Header Files</Filter>
    </ClInclude>
    <ClInclude Include="..\interface\chessint.h">
      <Filter>Header Files\interface</Filter>
    </ClInclude>
    <ClInclude Include="..\layers\base.h">
      <Filter>Header Files\layers</Filter>
    </ClInclude>
    <ClInclude Include="..\layers\clamp.h">
      <Filter>Header Files\layers</Filter>
    </ClInclude>
    <ClInclude Include="..\layers\halfkp.h">
      <Filter>Header Files\layers</Filter>
    </ClInclude>
    <ClInclude Include="..\layers\linear.h">
      <Filter>Header Files\layers</Filter>
    </ClInclude>
    <ClInclude Include="..\layers\scaleclamp.h">
      <Filter>Header Files\layers</Filter>
    </ClInclude>
    <ClInclude Include="..\layers\typed.h">
      <Filter>Header Files\layers</Filter>
    </ClInclude>
  </ItemGroup>
  <ItemGroup>
    <ClCompile Include="..\interface\chessint.cpp">
      <Filter>Source Files\interface</Filter>
    </ClCompile>
    <ClCompile Include="..\test\nnue_test.cpp">
      <Filter>Source Files\test</Filter>
    </ClCompile>
  </ItemGroup>
</Project>